version: 1
generated_at: 2026-06-15T17:52:15Z
internal: []
trusted:
  - action: actions/cache
    refs:
      - 0057852bfaa89a56745cba8c7296529d2fc39830
    occurrences:
      0057852bfaa89a56745cba8c7296529d2fc39830:
        .github/workflows/test.yml:
          - jobs.test.steps.[2].uses
  - action: actions/checkout
    refs:
      - ee0669bd1cc54295c223e0bb666b733df41de1c5
    occurrences:
      ee0669bd1cc54295c223e0bb666b733df41de1c5:
        .github/workflows/test.yml:
          - jobs.test.steps.[0].uses
external:
  - action: erlef/setup-elixir
    refs:
      - v1
    occurrences:
      v1:
        .github/workflows/test.yml:
          - jobs.test.steps.[1].uses
local: []
docker: []
dynamic: []
